
Microsoft Visual Studio Solution File, Format Version 12.00
# Visual Studio Version 17
VisualStudioVersion = 17.13.35931.197 d17.13
MinimumVisualStudioVersion = 10.0.40219.1
Project("{FAE04EC0-301F-11D3-BF4B-00C04F79EFBC}") = "User1", "User1\User1.csproj", "{49150C0C-05C0-41DD-8AA8-41940F981DD1}"
EndProject
Global
	GlobalSection(SolutionConfigurationPlatforms) = preSolution
		Debug|Any CPU = Debug|Any CPU
		Release|Any CPU = Release|Any CPU
	EndGlobalSection
	GlobalSection(ProjectConfigurationPlatforms) = postSolution
		{49150C0C-05C0-41DD-8AA8-41940F981DD1}.Debug|Any CPU.ActiveCfg = Debug|Any CPU
		{49150C0C-05C0-41DD-8AA8-41940F981DD1}.Debug|Any CPU.Build.0 = Debug|Any CPU
		{49150C0C-05C0-41DD-8AA8-41940F981DD1}.Release|Any CPU.ActiveCfg = Release|Any CPU
		{49150C0C-05C0-41DD-8AA8-41940F981DD1}.Release|Any CPU.Build.0 = Release|Any CPU
	EndGlobalSection
	GlobalSection(SolutionProperties) = preSolution
		HideSolutionNode = FALSE
	EndGlobalSection
	GlobalSection(ExtensibilityGlobals) = postSolution
		SolutionGuid = {CB8A2E0D-878E-4FFF-86D7-B16799F3D01A}
	EndGlobalSection
EndGlobal
